
Microsoft Visual Studio Solution File, Format Version 12.00
# Visual Studio 2012
Project("{FAE04EC0-301F-11D3-BF4B-00C04F79EFBC}") = "SelfHostRazorWebFormAuth", "SelfHostRazorWebFormAuth\SelfHostRazorWebFormAuth.csproj", "{7843D761-6088-4862-A541-7777B989B396}"
EndProject
Project("{2150E333-8FDC-42A3-9474-1A3956D46DE8}") = ".nuget", ".nuget", "{4C2F98CC-C1DF-41F2-882F-E9B1871E3418}"
	ProjectSection(SolutionItems) = preProject
		.nuget\NuGet.Config = .nuget\NuGet.Config
		.nuget\NuGet.exe = .nuget\NuGet.exe
		.nuget\NuGet.targets = .nuget\NuGet.targets
	EndProjectSection
EndProject
Global
	GlobalSection(SolutionConfigurationPlatforms) = preSolution
		Debug|Any CPU = Debug|Any CPU
		Release|Any CPU = Release|Any CPU
	EndGlobalSection
	GlobalSection(ProjectConfigurationPlatforms) = postSolution
		{7843D761-6088-4862-A541-7777B989B396}.Debug|Any CPU.ActiveCfg = Debug|Any CPU
		{7843D761-6088-4862-A541-7777B989B396}.Debug|Any CPU.Build.0 = Debug|Any CPU
		{7843D761-6088-4862-A541-7777B989B396}.Release|Any CPU.ActiveCfg = Release|Any CPU
		{7843D761-6088-4862-A541-7777B989B396}.Release|Any CPU.Build.0 = Release|Any CPU
	EndGlobalSection
	GlobalSection(SolutionProperties) = preSolution
		HideSolutionNode = FALSE
	EndGlobalSection
EndGlobal
